
Microsoft Visual Studio Solution File, Format Version 12.00
# Visual Studio Version 17
VisualStudioVersion = 17.3.32929.385
MinimumVisualStudioVersion = 10.0.40219.1
Project("{FAE04EC0-301F-11D3-BF4B-00C04F79EFBC}") = "App_MenuDuasJanelas_0.0.1", "App_MenuDuasJanelas_0.0.1\App_MenuDuasJanelas_0.0.1.csproj", "{48789F7A-3D60-445E-A14F-384015F9CB04}"
EndProject
Global
	GlobalSection(SolutionConfigurationPlatforms) = preSolution
		Debug|Any CPU = Debug|Any CPU
		Release|Any CPU = Release|Any CPU
	EndGlobalSection
	GlobalSection(ProjectConfigurationPlatforms) = postSolution
		{48789F7A-3D60-445E-A14F-384015F9CB04}.Debug|Any CPU.ActiveCfg = Debug|Any CPU
		{48789F7A-3D60-445E-A14F-384015F9CB04}.Debug|Any CPU.Build.0 = Debug|Any CPU
		{48789F7A-3D60-445E-A14F-384015F9CB04}.Release|Any CPU.ActiveCfg = Release|Any CPU
		{48789F7A-3D60-445E-A14F-384015F9CB04}.Release|Any CPU.Build.0 = Release|Any CPU
	EndGlobalSection
	GlobalSection(SolutionProperties) = preSolution
		HideSolutionNode = FALSE
	EndGlobalSection
	GlobalSection(ExtensibilityGlobals) = postSolution
		SolutionGuid = {B4431355-8DC4-40E1-9FEE-DFD46E772DDB}
	EndGlobalSection
EndGlobal
