
Microsoft Visual Studio Solution File, Format Version 12.00
# Visual Studio Version 16
VisualStudioVersion = 16.0.33027.164
MinimumVisualStudioVersion = 10.0.40219.1
Project("{FAE04EC0-301F-11D3-BF4B-00C04F79EFBC}") = "TestFrmClose", "TestFrmClose\TestFrmClose.csproj", "{699940B1-5868-4CC1-8128-20EE6558A240}"
EndProject
Global
	GlobalSection(SolutionConfigurationPlatforms) = preSolution
		Debug|Any CPU = Debug|Any CPU
		Release|Any CPU = Release|Any CPU
	EndGlobalSection
	GlobalSection(ProjectConfigurationPlatforms) = postSolution
		{699940B1-5868-4CC1-8128-20EE6558A240}.Debug|Any CPU.ActiveCfg = Debug|Any CPU
		{699940B1-5868-4CC1-8128-20EE6558A240}.Debug|Any CPU.Build.0 = Debug|Any CPU
		{699940B1-5868-4CC1-8128-20EE6558A240}.Release|Any CPU.ActiveCfg = Release|Any CPU
		{699940B1-5868-4CC1-8128-20EE6558A240}.Release|Any CPU.Build.0 = Release|Any CPU
	EndGlobalSection
	GlobalSection(SolutionProperties) = preSolution
		HideSolutionNode = FALSE
	EndGlobalSection
	GlobalSection(ExtensibilityGlobals) = postSolution
		SolutionGuid = {A550C5BD-4D16-4F92-9FBD-E709828C3844}
	EndGlobalSection
EndGlobal
